
Microsoft Visual Studio Solution File, Format Version 12.00
# Visual Studio 14
VisualStudioVersion = 14.0.25420.1
MinimumVisualStudioVersion = 10.0.40219.1
Project("{2150E333-8FDC-42A3-9474-1A3956D46DE8}") = "ChloeORM", "ChloeORM", "{1A3123DB-0D38-4D15-B620-B5086A79E02A}"
EndProject
Project("{2150E333-8FDC-42A3-9474-1A3956D46DE8}") = "Common", "Common", "{FA0AA81D-108D-4993-BE7F-6D420A92ED54}"
EndProject
Project("{2150E333-8FDC-42A3-9474-1A3956D46DE8}") = "BoosWell.Service", "BoosWell.Service", "{A09D8028-05E3-42E5-BD3A-64D43A8705C7}"
EndProject
Project("{2150E333-8FDC-42A3-9474-1A3956D46DE8}") = "BoosWell.Interface", "BoosWell.Interface", "{FEF8C915-D049-4FF6-B121-FBAB1EA1E69A}"
EndProject
Project("{2150E333-8FDC-42A3-9474-1A3956D46DE8}") = "BossWell.Plus", "BossWell.Plus", "{5A30C586-922F-4FAD-9931-3C13FF6D5A2B}"
EndProject
Project("{2150E333-8FDC-42A3-9474-1A3956D46DE8}") = "BossWell.Model", "BossWell.Model", "{F6F7C5C0-CF3C-4E93-AC8C-EFC6B9276DF9}"
EndProject
Project("{2150E333-8FDC-42A3-9474-1A3956D46DE8}") = "Cache", "Cache", "{293AD515-8D06-40E3-918F-15EB0883E049}"
EndProject
Project("{FAE04EC0-301F-11D3-BF4B-00C04F79EFBC}") = "ApiHelp", "Common\ApiHelp\ApiHelp.csproj", "{2AF723C8-7375-49E0-9A6F-3C3F3526304E}"
EndProject
Project("{FAE04EC0-301F-11D3-BF4B-00C04F79EFBC}") = "SystemConfig", "Common\SystemConfig\SystemConfig.csproj", "{E8026354-9F4C-44F1-8AB4-C79B3616309F}"
EndProject
Project("{FAE04EC0-301F-11D3-BF4B-00C04F79EFBC}") = "BossWellORM", "ChloeORM\BossWellORM\BossWellORM.csproj", "{355AFCF8-2F99-4C1E-8AD5-B7C53D06AF2C}"
EndProject
Project("{FAE04EC0-301F-11D3-BF4B-00C04F79EFBC}") = "Chloe", "ChloeORM\Chloe\Chloe\Chloe.csproj", "{251CAE99-2279-4B09-AFE1-123C69030457}"
EndProject
Project("{FAE04EC0-301F-11D3-BF4B-00C04F79EFBC}") = "Chloe.Extension", "ChloeORM\Chloe\Chloe.Extension\Chloe.Extension.csproj", "{D86E8BA3-41DB-4CDD-A84B-B3919974FDAC}"
EndProject
Project("{FAE04EC0-301F-11D3-BF4B-00C04F79EFBC}") = "Chloe.MySql", "ChloeORM\Chloe\Chloe.MySql\Chloe.MySql.csproj", "{D2F4970B-35BA-4855-BEFA-75ADB44BC196}"
EndProject
Project("{FAE04EC0-301F-11D3-BF4B-00C04F79EFBC}") = "Chloe.Oracle", "ChloeORM\Chloe\Chloe.Oracle\Chloe.Oracle.csproj", "{AE9AC627-1674-47C9-9DE4-A80664C5EE0A}"
EndProject
Project("{FAE04EC0-301F-11D3-BF4B-00C04F79EFBC}") = "Chloe.SQLite", "ChloeORM\Chloe\Chloe.SQLite\Chloe.SQLite.csproj", "{A89888E2-7EE1-4490-B860-D6DBF5601958}"
EndProject
Project("{FAE04EC0-301F-11D3-BF4B-00C04F79EFBC}") = "Chloe.SqlServer", "ChloeORM\Chloe\Chloe.SqlServer\Chloe.SqlServer.csproj", "{C77E3E54-36CF-4AE9-BAD7-6C5C524FFFCF}"
EndProject
Project("{FAE04EC0-301F-11D3-BF4B-00C04F79EFBC}") = "Cache.Base", "Cache\Cache.Base\Cache.Base.csproj", "{7B0120AC-8AC0-43BB-96CF-EEF8288E3FC8}"
EndProject
Project("{FAE04EC0-301F-11D3-BF4B-00C04F79EFBC}") = "Cache.Factory", "Cache\Cache.Factory\Cache.Factory.csproj", "{9B084836-ECC6-4B5E-B5CA-1678B7A22D2E}"
EndProject
Project("{FAE04EC0-301F-11D3-BF4B-00C04F79EFBC}") = "Cache.Redis", "Cache\Cache.Redis\Cache.Redis.csproj", "{A7A062C9-4660-4953-8436-F94DC71C2FF3}"
EndProject
Project("{FAE04EC0-301F-11D3-BF4B-00C04F79EFBC}") = "BossWellApp", "BossWell.Plus\BossWellApp\BossWellApp.csproj", "{B643EBBA-EEC2-42BD-A805-CF3F47C90C98}"
EndProject
Project("{FAE04EC0-301F-11D3-BF4B-00C04F79EFBC}") = "BossWellService", "BoosWell.Service\BossWellService\BossWellService.csproj", "{17FCBBBF-AB41-43D7-98BC-C774F770AF52}"
EndProject
Project("{FAE04EC0-301F-11D3-BF4B-00C04F79EFBC}") = "IBossWellService", "BoosWell.Interface\IBossWellService\IBossWellService.csproj", "{D0203AE3-06D2-474A-9D5E-3E02BCD11554}"
EndProject
Project("{FAE04EC0-301F-11D3-BF4B-00C04F79EFBC}") = "BossWellModel", "BossWell.Model\BossWellModel\BossWellModel.csproj", "{B4A96969-3078-44A5-AA78-84AF95CBEBB5}"
EndProject
Project("{FAE04EC0-301F-11D3-BF4B-00C04F79EFBC}") = "PlannedJob", "BossWell.Plus\PlannedJob\PlannedJob.csproj", "{1DD74E3D-5AB6-4945-B9EC-FC04E3724387}"
EndProject
Project("{FAE04EC0-301F-11D3-BF4B-00C04F79EFBC}") = "BossWellFactory", "BossWell.Plus\BossWellFactory\BossWellFactory.csproj", "{19C91895-7A96-4026-996C-963FC6D67694}"
EndProject
Project("{FAE04EC0-301F-11D3-BF4B-00C04F79EFBC}") = "BossWellWeb", "BossWellWeb\BossWellWeb.csproj", "{BEF1F2C9-1903-4AC4-93BD-08452BFA37A3}"
EndProject
Project("{FAE04EC0-301F-11D3-BF4B-00C04F79EFBC}") = "BossWellApi", "BossWellApi\BossWellApi.csproj", "{75DB1879-99F4-4173-982B-C5CB0A713028}"
EndProject
Global
	GlobalSection(SolutionConfigurationPlatforms) = preSolution
		Debug|Any CPU = Debug|Any CPU
		Release|Any CPU = Release|Any CPU
	EndGlobalSection
	GlobalSection(ProjectConfigurationPlatforms) = postSolution
		{2AF723C8-7375-49E0-9A6F-3C3F3526304E}.Debug|Any CPU.ActiveCfg = Debug|Any CPU
		{2AF723C8-7375-49E0-9A6F-3C3F3526304E}.Debug|Any CPU.Build.0 = Debug|Any CPU
		{2AF723C8-7375-49E0-9A6F-3C3F3526304E}.Release|Any CPU.ActiveCfg = Release|Any CPU
		{2AF723C8-7375-49E0-9A6F-3C3F3526304E}.Release|Any CPU.Build.0 = Release|Any CPU
		{E8026354-9F4C-44F1-8AB4-C79B3616309F}.Debug|Any CPU.ActiveCfg = Debug|Any CPU
		{E8026354-9F4C-44F1-8AB4-C79B3616309F}.Debug|Any CPU.Build.0 = Debug|Any CPU
		{E8026354-9F4C-44F1-8AB4-C79B3616309F}.Release|Any CPU.ActiveCfg = Release|Any CPU
		{E8026354-9F4C-44F1-8AB4-C79B3616309F}.Release|Any CPU.Build.0 = Release|Any CPU
		{355AFCF8-2F99-4C1E-8AD5-B7C53D06AF2C}.Debug|Any CPU.ActiveCfg = Debug|Any CPU
		{355AFCF8-2F99-4C1E-8AD5-B7C53D06AF2C}.Debug|Any CPU.Build.0 = Debug|Any CPU
		{355AFCF8-2F99-4C1E-8AD5-B7C53D06AF2C}.Release|Any CPU.ActiveCfg = Release|Any CPU
		{355AFCF8-2F99-4C1E-8AD5-B7C53D06AF2C}.Release|Any CPU.Build.0 = Release|Any CPU
		{251CAE99-2279-4B09-AFE1-123C69030457}.Debug|Any CPU.ActiveCfg = Debug|Any CPU
		{251CAE99-2279-4B09-AFE1-123C69030457}.Debug|Any CPU.Build.0 = Debug|Any CPU
		{251CAE99-2279-4B09-AFE1-123C69030457}.Release|Any CPU.ActiveCfg = Release|Any CPU
		{251CAE99-2279-4B09-AFE1-123C69030457}.Release|Any CPU.Build.0 = Release|Any CPU
		{D86E8BA3-41DB-4CDD-A84B-B3919974FDAC}.Debug|Any CPU.ActiveCfg = Debug|Any CPU
		{D86E8BA3-41DB-4CDD-A84B-B3919974FDAC}.Debug|Any CPU.Build.0 = Debug|Any CPU
		{D86E8BA3-41DB-4CDD-A84B-B3919974FDAC}.Release|Any CPU.ActiveCfg = Release|Any CPU
		{D86E8BA3-41DB-4CDD-A84B-B3919974FDAC}.Release|Any CPU.Build.0 = Release|Any CPU
		{D2F4970B-35BA-4855-BEFA-75ADB44BC196}.Debug|Any CPU.ActiveCfg = Debug|Any CPU
		{D2F4970B-35BA-4855-BEFA-75ADB44BC196}.Debug|Any CPU.Build.0 = Debug|Any CPU
		{D2F4970B-35BA-4855-BEFA-75ADB44BC196}.Release|Any CPU.ActiveCfg = Release|Any CPU
		{D2F4970B-35BA-4855-BEFA-75ADB44BC196}.Release|Any CPU.Build.0 = Release|Any CPU
		{AE9AC627-1674-47C9-9DE4-A80664C5EE0A}.Debug|Any CPU.ActiveCfg = Debug|Any CPU
		{AE9AC627-1674-47C9-9DE4-A80664C5EE0A}.Debug|Any CPU.Build.0 = Debug|Any CPU
		{AE9AC627-1674-47C9-9DE4-A80664C5EE0A}.Release|Any CPU.ActiveCfg = Release|Any CPU
		{AE9AC627-1674-47C9-9DE4-A80664C5EE0A}.Release|Any CPU.Build.0 = Release|Any CPU
		{A89888E2-7EE1-4490-B860-D6DBF5601958}.Debug|Any CPU.ActiveCfg = Debug|Any CPU
		{A89888E2-7EE1-4490-B860-D6DBF5601958}.Debug|Any CPU.Build.0 = Debug|Any CPU
		{A89888E2-7EE1-4490-B860-D6DBF5601958}.Release|Any CPU.ActiveCfg = Release|Any CPU
		{A89888E2-7EE1-4490-B860-D6DBF5601958}.Release|Any CPU.Build.0 = Release|Any CPU
		{C77E3E54-36CF-4AE9-BAD7-6C5C524FFFCF}.Debug|Any CPU.ActiveCfg = Debug|Any CPU
		{C77E3E54-36CF-4AE9-BAD7-6C5C524FFFCF}.Debug|Any CPU.Build.0 = Debug|Any CPU
		{C77E3E54-36CF-4AE9-BAD7-6C5C524FFFCF}.Release|Any CPU.ActiveCfg = Release|Any CPU
		{C77E3E54-36CF-4AE9-BAD7-6C5C524FFFCF}.Release|Any CPU.Build.0 = Release|Any CPU
		{7B0120AC-8AC0-43BB-96CF-EEF8288E3FC8}.Debug|Any CPU.ActiveCfg = Debug|Any CPU
		{7B0120AC-8AC0-43BB-96CF-EEF8288E3FC8}.Debug|Any CPU.Build.0 = Debug|Any CPU
		{7B0120AC-8AC0-43BB-96CF-EEF8288E3FC8}.Release|Any CPU.ActiveCfg = Release|Any CPU
		{7B0120AC-8AC0-43BB-96CF-EEF8288E3FC8}.Release|Any CPU.Build.0 = Release|Any CPU
		{9B084836-ECC6-4B5E-B5CA-1678B7A22D2E}.Debug|Any CPU.ActiveCfg = Debug|Any CPU
		{9B084836-ECC6-4B5E-B5CA-1678B7A22D2E}.Debug|Any CPU.Build.0 = Debug|Any CPU
		{9B084836-ECC6-4B5E-B5CA-1678B7A22D2E}.Release|Any CPU.ActiveCfg = Release|Any CPU
		{9B084836-ECC6-4B5E-B5CA-1678B7A22D2E}.Release|Any CPU.Build.0 = Release|Any CPU
		{A7A062C9-4660-4953-8436-F94DC71C2FF3}.Debug|Any CPU.ActiveCfg = Debug|Any CPU
		{A7A062C9-4660-4953-8436-F94DC71C2FF3}.Debug|Any CPU.Build.0 = Debug|Any CPU
		{A7A062C9-4660-4953-8436-F94DC71C2FF3}.Release|Any CPU.ActiveCfg = Release|Any CPU
		{A7A062C9-4660-4953-8436-F94DC71C2FF3}.Release|Any CPU.Build.0 = Release|Any CPU
		{B643EBBA-EEC2-42BD-A805-CF3F47C90C98}.Debug|Any CPU.ActiveCfg = Debug|Any CPU
		{B643EBBA-EEC2-42BD-A805-CF3F47C90C98}.Debug|Any CPU.Build.0 = Debug|Any CPU
		{B643EBBA-EEC2-42BD-A805-CF3F47C90C98}.Release|Any CPU.ActiveCfg = Release|Any CPU
		{B643EBBA-EEC2-42BD-A805-CF3F47C90C98}.Release|Any CPU.Build.0 = Release|Any CPU
		{17FCBBBF-AB41-43D7-98BC-C774F770AF52}.Debug|Any CPU.ActiveCfg = Debug|Any CPU
		{17FCBBBF-AB41-43D7-98BC-C774F770AF52}.Debug|Any CPU.Build.0 = Debug|Any CPU
		{17FCBBBF-AB41-43D7-98BC-C774F770AF52}.Release|Any CPU.ActiveCfg = Release|Any CPU
		{17FCBBBF-AB41-43D7-98BC-C774F770AF52}.Release|Any CPU.Build.0 = Release|Any CPU
		{D0203AE3-06D2-474A-9D5E-3E02BCD11554}.Debug|Any CPU.ActiveCfg = Debug|Any CPU
		{D0203AE3-06D2-474A-9D5E-3E02BCD11554}.Debug|Any CPU.Build.0 = Debug|Any CPU
		{D0203AE3-06D2-474A-9D5E-3E02BCD11554}.Release|Any CPU.ActiveCfg = Release|Any CPU
		{D0203AE3-06D2-474A-9D5E-3E02BCD11554}.Release|Any CPU.Build.0 = Release|Any CPU
		{B4A96969-3078-44A5-AA78-84AF95CBEBB5}.Debug|Any CPU.ActiveCfg = Debug|Any CPU
		{B4A96969-3078-44A5-AA78-84AF95CBEBB5}.Debug|Any CPU.Build.0 = Debug|Any CPU
		{B4A96969-3078-44A5-AA78-84AF95CBEBB5}.Release|Any CPU.ActiveCfg = Release|Any CPU
		{B4A96969-3078-44A5-AA78-84AF95CBEBB5}.Release|Any CPU.Build.0 = Release|Any CPU
		{1DD74E3D-5AB6-4945-B9EC-FC04E3724387}.Debug|Any CPU.ActiveCfg = Debug|Any CPU
		{1DD74E3D-5AB6-4945-B9EC-FC04E3724387}.Debug|Any CPU.Build.0 = Debug|Any CPU
		{1DD74E3D-5AB6-4945-B9EC-FC04E3724387}.Release|Any CPU.ActiveCfg = Release|Any CPU
		{1DD74E3D-5AB6-4945-B9EC-FC04E3724387}.Release|Any CPU.Build.0 = Release|Any CPU
		{19C91895-7A96-4026-996C-963FC6D67694}.Debug|Any CPU.ActiveCfg = Debug|Any CPU
		{19C91895-7A96-4026-996C-963FC6D67694}.Debug|Any CPU.Build.0 = Debug|Any CPU
		{19C91895-7A96-4026-996C-963FC6D67694}.Release|Any CPU.ActiveCfg = Release|Any CPU
		{19C91895-7A96-4026-996C-963FC6D67694}.Release|Any CPU.Build.0 = Release|Any CPU
		{BEF1F2C9-1903-4AC4-93BD-08452BFA37A3}.Debug|Any CPU.ActiveCfg = Debug|Any CPU
		{BEF1F2C9-1903-4AC4-93BD-08452BFA37A3}.Debug|Any CPU.Build.0 = Debug|Any CPU
		{BEF1F2C9-1903-4AC4-93BD-08452BFA37A3}.Release|Any CPU.ActiveCfg = Release|Any CPU
		{BEF1F2C9-1903-4AC4-93BD-08452BFA37A3}.Release|Any CPU.Build.0 = Release|Any CPU
		{75DB1879-99F4-4173-982B-C5CB0A713028}.Debug|Any CPU.ActiveCfg = Debug|Any CPU
		{75DB1879-99F4-4173-982B-C5CB0A713028}.Debug|Any CPU.Build.0 = Debug|Any CPU
		{75DB1879-99F4-4173-982B-C5CB0A713028}.Release|Any CPU.ActiveCfg = Release|Any CPU
		{75DB1879-99F4-4173-982B-C5CB0A713028}.Release|Any CPU.Build.0 = Release|Any CPU
	EndGlobalSection
	GlobalSection(SolutionProperties) = preSolution
		HideSolutionNode = FALSE
	EndGlobalSection
	GlobalSection(NestedProjects) = preSolution
		{2AF723C8-7375-49E0-9A6F-3C3F3526304E} = {FA0AA81D-108D-4993-BE7F-6D420A92ED54}
		{E8026354-9F4C-44F1-8AB4-C79B3616309F} = {FA0AA81D-108D-4993-BE7F-6D420A92ED54}
		{355AFCF8-2F99-4C1E-8AD5-B7C53D06AF2C} = {1A3123DB-0D38-4D15-B620-B5086A79E02A}
		{251CAE99-2279-4B09-AFE1-123C69030457} = {1A3123DB-0D38-4D15-B620-B5086A79E02A}
		{D86E8BA3-41DB-4CDD-A84B-B3919974FDAC} = {1A3123DB-0D38-4D15-B620-B5086A79E02A}
		{D2F4970B-35BA-4855-BEFA-75ADB44BC196} = {1A3123DB-0D38-4D15-B620-B5086A79E02A}
		{AE9AC627-1674-47C9-9DE4-A80664C5EE0A} = {1A3123DB-0D38-4D15-B620-B5086A79E02A}
		{A89888E2-7EE1-4490-B860-D6DBF5601958} = {1A3123DB-0D38-4D15-B620-B5086A79E02A}
		{C77E3E54-36CF-4AE9-BAD7-6C5C524FFFCF} = {1A3123DB-0D38-4D15-B620-B5086A79E02A}
		{7B0120AC-8AC0-43BB-96CF-EEF8288E3FC8} = {293AD515-8D06-40E3-918F-15EB0883E049}
		{9B084836-ECC6-4B5E-B5CA-1678B7A22D2E} = {293AD515-8D06-40E3-918F-15EB0883E049}
		{A7A062C9-4660-4953-8436-F94DC71C2FF3} = {293AD515-8D06-40E3-918F-15EB0883E049}
		{B643EBBA-EEC2-42BD-A805-CF3F47C90C98} = {5A30C586-922F-4FAD-9931-3C13FF6D5A2B}
		{17FCBBBF-AB41-43D7-98BC-C774F770AF52} = {A09D8028-05E3-42E5-BD3A-64D43A8705C7}
		{D0203AE3-06D2-474A-9D5E-3E02BCD11554} = {FEF8C915-D049-4FF6-B121-FBAB1EA1E69A}
		{B4A96969-3078-44A5-AA78-84AF95CBEBB5} = {F6F7C5C0-CF3C-4E93-AC8C-EFC6B9276DF9}
		{1DD74E3D-5AB6-4945-B9EC-FC04E3724387} = {5A30C586-922F-4FAD-9931-3C13FF6D5A2B}
		{19C91895-7A96-4026-996C-963FC6D67694} = {5A30C586-922F-4FAD-9931-3C13FF6D5A2B}
	EndGlobalSection
EndGlobal
